
Microsoft Visual Studio Solution File, Format Version 12.00
# Visual Studio Version 17
VisualStudioVersion = 17.14.36930.0
MinimumVisualStudioVersion = 10.0.40219.1
Project("{FAE04EC0-301F-11D3-BF4B-00C04F79EFBC}") = "service-system-of-LDUBGD-API", "service-system-of-LDUBGD-API\service-system-of-LDUBGD-API.csproj", "{1976E54A-AB4D-4C07-A02E-6C20698E4B5F}"
EndProject
Project("{FAE04EC0-301F-11D3-BF4B-00C04F79EFBC}") = "service-system-of-LDUBGD-API.Common", "service-system-of-LDUBGD-API.Common\service-system-of-LDUBGD-API.Common.csproj", "{AC033635-65F7-4C4D-93B0-6A651502D974}"
EndProject
Project("{FAE04EC0-301F-11D3-BF4B-00C04F79EFBC}") = "service-system-of-LDUBGD-API.Application", "service-system-of-LDUBGD-API.Application\service-system-of-LDUBGD-API.Application.csproj", "{B69673D5-749A-400C-8573-86A3924A2BEE}"
EndProject
Project("{FAE04EC0-301F-11D3-BF4B-00C04F79EFBC}") = "service-system-of-LDUBGD-API.Domain", "service-system-of-LDUBGD-API.Domain\service-system-of-LDUBGD-API.Domain.csproj", "{7D6A93B7-788B-4590-98CA-D3534BA473B9}"
EndProject
Global
	GlobalSection(SolutionConfigurationPlatforms) = preSolution
		Debug|Any CPU = Debug|Any CPU
		Release|Any CPU = Release|Any CPU
	EndGlobalSection
	GlobalSection(ProjectConfigurationPlatforms) = postSolution
		{1976E54A-AB4D-4C07-A02E-6C20698E4B5F}.Debug|Any CPU.ActiveCfg = Debug|Any CPU
		{1976E54A-AB4D-4C07-A02E-6C20698E4B5F}.Debug|Any CPU.Build.0 = Debug|Any CPU
		{1976E54A-AB4D-4C07-A02E-6C20698E4B5F}.Release|Any CPU.ActiveCfg = Release|Any CPU
		{1976E54A-AB4D-4C07-A02E-6C20698E4B5F}.Release|Any CPU.Build.0 = Release|Any CPU
		{AC033635-65F7-4C4D-93B0-6A651502D974}.Debug|Any CPU.ActiveCfg = Debug|Any CPU
		{AC033635-65F7-4C4D-93B0-6A651502D974}.Debug|Any CPU.Build.0 = Debug|Any CPU
		{AC033635-65F7-4C4D-93B0-6A651502D974}.Release|Any CPU.ActiveCfg = Release|Any CPU
		{AC033635-65F7-4C4D-93B0-6A651502D974}.Release|Any CPU.Build.0 = Release|Any CPU
		{B69673D5-749A-400C-8573-86A3924A2BEE}.Debug|Any CPU.ActiveCfg = Debug|Any CPU
		{B69673D5-749A-400C-8573-86A3924A2BEE}.Debug|Any CPU.Build.0 = Debug|Any CPU
		{B69673D5-749A-400C-8573-86A3924A2BEE}.Release|Any CPU.ActiveCfg = Release|Any CPU
		{B69673D5-749A-400C-8573-86A3924A2BEE}.Release|Any CPU.Build.0 = Release|Any CPU
		{7D6A93B7-788B-4590-98CA-D3534BA473B9}.Debug|Any CPU.ActiveCfg = Debug|Any CPU
		{7D6A93B7-788B-4590-98CA-D3534BA473B9}.Debug|Any CPU.Build.0 = Debug|Any CPU
		{7D6A93B7-788B-4590-98CA-D3534BA473B9}.Release|Any CPU.ActiveCfg = Release|Any CPU
		{7D6A93B7-788B-4590-98CA-D3534BA473B9}.Release|Any CPU.Build.0 = Release|Any CPU
	EndGlobalSection
	GlobalSection(SolutionProperties) = preSolution
		HideSolutionNode = FALSE
	EndGlobalSection
	GlobalSection(ExtensibilityGlobals) = postSolution
		SolutionGuid = {331C525C-C916-476F-B2B9-64FE781AEFE2}
	EndGlobalSection
EndGlobal
